
Microsoft Visual Studio Solution File, Format Version 12.00
# Visual Studio Version 16
VisualStudioVersion = 16.0.29102.190
MinimumVisualStudioVersion = 10.0.40219.1
Project("{9A19103F-16F7-4668-BE54-9A1E7A4F7556}") = "OpenFTTH.GraphQLService", "OpenFTTH.GraphQLService\OpenFTTH.GraphQLService.csproj", "{64E4ABBE-1DFF-445B-B7CF-D489F2D83F67}"
EndProject
Project("{9A19103F-16F7-4668-BE54-9A1E7A4F7556}") = "QueryModel", "QueryModel\QueryModel.csproj", "{3146C23D-75DD-468F-8F4F-6770170721C1}"
EndProject
Project("{9A19103F-16F7-4668-BE54-9A1E7A4F7556}") = "MemoryGraph", "MemoryGraph\MemoryGraph.csproj", "{EB135870-5BE9-4729-AC1A-A6F9F4A90564}"
EndProject
Project("{9A19103F-16F7-4668-BE54-9A1E7A4F7556}") = "RouteNetwork.Business", "RouteNetwork.Business\RouteNetwork.Business.csproj", "{C8905304-3DD1-4730-9AB9-E40138B891CA}"
EndProject
Project("{9A19103F-16F7-4668-BE54-9A1E7A4F7556}") = "RouteNetwork.Business.Tests", "RouteNetwork.Business.Tests\RouteNetwork.Business.Tests.csproj", "{F14001AB-65B6-4451-AC49-5CC7C3C4D88C}"
EndProject
Project("{9A19103F-16F7-4668-BE54-9A1E7A4F7556}") = "RouteNetwork.Events", "RouteNetwork.Events\RouteNetwork.Events.csproj", "{EE4C2C46-30FC-46E2-A2D8-823708E11EDE}"
EndProject
Project("{9A19103F-16F7-4668-BE54-9A1E7A4F7556}") = "ConduitNetwork.Business", "ConduitNetwork.Business\ConduitNetwork.Business.csproj", "{6B194B51-A90D-4035-B16A-5021953EB50B}"
EndProject
Project("{9A19103F-16F7-4668-BE54-9A1E7A4F7556}") = "ConduitNetwork.Events", "ConduitNetwork.Events\ConduitNetwork.Events.csproj", "{AB725E81-E33D-4E3B-9663-6D135028E50C}"
EndProject
Project("{9A19103F-16F7-4668-BE54-9A1E7A4F7556}") = "ConduitNetwork.Business.Tests", "ConduitNetwork.Business.Tests\ConduitNetwork.Business.Tests.csproj", "{6C8EDCA6-4991-4899-9436-EA74B2CB3A50}"
EndProject
Project("{2150E333-8FDC-42A3-9474-1A3956D46DE8}") = "ConduitNetwork", "ConduitNetwork", "{2D8E80DD-2008-44B3-91BD-A2BBCA7E3372}"
EndProject
Project("{2150E333-8FDC-42A3-9474-1A3956D46DE8}") = "RouteNetwork", "RouteNetwork", "{45988FE7-0397-4F33-A90D-E6A1C23E1420}"
EndProject
Project("{9A19103F-16F7-4668-BE54-9A1E7A4F7556}") = "ConduitNetwork.Projections", "ConduitNetwork.Projections\ConduitNetwork.Projections.csproj", "{556F89A6-1648-41B7-89C2-A051C37F09A1}"
EndProject
Project("{2150E333-8FDC-42A3-9474-1A3956D46DE8}") = "_Asset", "_Asset", "{9828E562-168D-4B33-90E7-AC518EA7E572}"
EndProject
Project("{9A19103F-16F7-4668-BE54-9A1E7A4F7556}") = "Asset.Model", "Asset.Model\Asset.Model.csproj", "{DEDBFE4C-EED3-4451-BF50-9813656A63C3}"
EndProject
Project("{2150E333-8FDC-42A3-9474-1A3956D46DE8}") = "_Infrastructure", "_Infrastructure", "{7771CBF2-FBA6-410D-A26D-77CBCAA9C4CC}"
EndProject
Project("{9A19103F-16F7-4668-BE54-9A1E7A4F7556}") = "Infrastructure.EventSourcing", "Infrastructure.EventSourcing\Infrastructure.EventSourcing.csproj", "{CD0267C0-7A61-4B31-B576-9F2F7641CE90}"
EndProject
Project("{9A19103F-16F7-4668-BE54-9A1E7A4F7556}") = "RouteNetwork.Projections", "RouteNetwork.Projections\RouteNetwork.Projections.csproj", "{1ACC2BB8-8CCE-4A45-901E-FE532FAF0423}"
EndProject
Project("{2150E333-8FDC-42A3-9474-1A3956D46DE8}") = "_Core", "_Core", "{79894773-D405-4702-805E-A5C74D30FCF7}"
EndProject
Project("{9A19103F-16F7-4668-BE54-9A1E7A4F7556}") = "Core.GraphSupport", "Core.GraphSupport\Core.GraphSupport.csproj", "{2FE0D8C9-0B93-4E77-A63B-482BB74CCB96}"
EndProject
Project("{9A19103F-16F7-4668-BE54-9A1E7A4F7556}") = "RouteNetwork.QueryService", "RouteNetwork.QueryService\RouteNetwork.QueryService.csproj", "{5F8B60E4-701E-4FA1-9E08-00C9E5043C47}"
EndProject
Project("{9A19103F-16F7-4668-BE54-9A1E7A4F7556}") = "RouteNetwork.ReadModel", "RouteNetwork.ReadModel\RouteNetwork.ReadModel.csproj", "{C589E392-CF3D-4B0D-9F13-889924E339A8}"
EndProject
Project("{2150E333-8FDC-42A3-9474-1A3956D46DE8}") = "_Demo", "_Demo", "{2E6646D5-1DD4-4AD3-86B1-5B8FA778ACED}"
EndProject
Project("{9A19103F-16F7-4668-BE54-9A1E7A4F7556}") = "Demo.BuildTestNetwork", "Demo.BuildTestNetwork\Demo.BuildTestNetwork.csproj", "{4F54BCDF-286C-41E9-A7BF-4E4FD31CA629}"
EndProject
Project("{9A19103F-16F7-4668-BE54-9A1E7A4F7556}") = "ConduitNetwork.ReadModel", "ConduitNetwork.ReadModel\ConduitNetwork.ReadModel.csproj", "{2A65CB07-C211-470C-B16E-21C42AD6A8D8}"
EndProject
Project("{9A19103F-16F7-4668-BE54-9A1E7A4F7556}") = "ConduitNetwork.QueryService", "ConduitNetwork.QueryService\ConduitNetwork.QueryService.csproj", "{10DE8E03-819D-4A8D-BB16-B3099A92DAB3}"
EndProject
Project("{9A19103F-16F7-4668-BE54-9A1E7A4F7556}") = "Demo.BuildTestNetwork.Tests", "Demo.BuildTestNetwork.Tests\Demo.BuildTestNetwork.Tests.csproj", "{7390683B-DB32-4319-9F62-1E7BAF0CF802}"
EndProject
Project("{2150E333-8FDC-42A3-9474-1A3956D46DE8}") = "_Location", "_Location", "{627A5966-742D-4708-83F3-130C4E8C1EE4}"
EndProject
Project("{9A19103F-16F7-4668-BE54-9A1E7A4F7556}") = "Location.Model", "Location.Model\Location.Model.csproj", "{15E2808A-962A-4D2A-89BF-940764390814}"
EndProject
Project("{9A19103F-16F7-4668-BE54-9A1E7A4F7556}") = "Demo.GraphQL.Tests", "Demo.GraphQL.Tests\Demo.GraphQL.Tests.csproj", "{06047C3F-DFD0-4F76-8DA2-1FEE4E30E4DB}"
EndProject
Project("{9A19103F-16F7-4668-BE54-9A1E7A4F7556}") = "Core.ReadModel", "Core.ReadModel\Core.ReadModel.csproj", "{28DE507B-F97B-4522-A0CE-2E3A0AFF0057}"
EndProject
Project("{9A19103F-16F7-4668-BE54-9A1E7A4F7556}") = "Demo.BuildTestNetwork.Runner", "Demo.BuildTestNetwork.Runner\Demo.BuildTestNetwork.Runner.csproj", "{4F613700-A921-4A81-8730-735DB0FF56EA}"
EndProject
Project("{2150E333-8FDC-42A3-9474-1A3956D46DE8}") = "_DiagramLayout", "_DiagramLayout", "{5CD8ABAA-CAEF-4DC7-BDC4-5C582D250C83}"
EndProject
Project("{9A19103F-16F7-4668-BE54-9A1E7A4F7556}") = "DiagramLayout.DrawingUtil", "DiagramLayout.Util\DiagramLayout.DrawingUtil.csproj", "{0293F6F5-0BAD-4041-992F-5CE897AEE05B}"
EndProject
Project("{9A19103F-16F7-4668-BE54-9A1E7A4F7556}") = "DiagramLayout.Core", "DiagramLayout.Core\DiagramLayout.Core.csproj", "{F0579AAB-9045-4E27-8A8E-C521D4329FAF}"
EndProject
Global
	GlobalSection(SolutionConfigurationPlatforms) = preSolution
		Debug|Any CPU = Debug|Any CPU
		Release|Any CPU = Release|Any CPU
	EndGlobalSection
	GlobalSection(ProjectConfigurationPlatforms) = postSolution
		{64E4ABBE-1DFF-445B-B7CF-D489F2D83F67}.Debug|Any CPU.ActiveCfg = Debug|Any CPU
		{64E4ABBE-1DFF-445B-B7CF-D489F2D83F67}.Debug|Any CPU.Build.0 = Debug|Any CPU
		{64E4ABBE-1DFF-445B-B7CF-D489F2D83F67}.Release|Any CPU.ActiveCfg = Release|Any CPU
		{64E4ABBE-1DFF-445B-B7CF-D489F2D83F67}.Release|Any CPU.Build.0 = Release|Any CPU
		{3146C23D-75DD-468F-8F4F-6770170721C1}.Debug|Any CPU.ActiveCfg = Debug|Any CPU
		{3146C23D-75DD-468F-8F4F-6770170721C1}.Debug|Any CPU.Build.0 = Debug|Any CPU
		{3146C23D-75DD-468F-8F4F-6770170721C1}.Release|Any CPU.ActiveCfg = Release|Any CPU
		{3146C23D-75DD-468F-8F4F-6770170721C1}.Release|Any CPU.Build.0 = Release|Any CPU
		{EB135870-5BE9-4729-AC1A-A6F9F4A90564}.Debug|Any CPU.ActiveCfg = Debug|Any CPU
		{EB135870-5BE9-4729-AC1A-A6F9F4A90564}.Debug|Any CPU.Build.0 = Debug|Any CPU
		{EB135870-5BE9-4729-AC1A-A6F9F4A90564}.Release|Any CPU.ActiveCfg = Release|Any CPU
		{EB135870-5BE9-4729-AC1A-A6F9F4A90564}.Release|Any CPU.Build.0 = Release|Any CPU
		{C8905304-3DD1-4730-9AB9-E40138B891CA}.Debug|Any CPU.ActiveCfg = Debug|Any CPU
		{C8905304-3DD1-4730-9AB9-E40138B891CA}.Debug|Any CPU.Build.0 = Debug|Any CPU
		{C8905304-3DD1-4730-9AB9-E40138B891CA}.Release|Any CPU.ActiveCfg = Release|Any CPU
		{C8905304-3DD1-4730-9AB9-E40138B891CA}.Release|Any CPU.Build.0 = Release|Any CPU
		{F14001AB-65B6-4451-AC49-5CC7C3C4D88C}.Debug|Any CPU.ActiveCfg = Debug|Any CPU
		{F14001AB-65B6-4451-AC49-5CC7C3C4D88C}.Debug|Any CPU.Build.0 = Debug|Any CPU
		{F14001AB-65B6-4451-AC49-5CC7C3C4D88C}.Release|Any CPU.ActiveCfg = Release|Any CPU
		{F14001AB-65B6-4451-AC49-5CC7C3C4D88C}.Release|Any CPU.Build.0 = Release|Any CPU
		{EE4C2C46-30FC-46E2-A2D8-823708E11EDE}.Debug|Any CPU.ActiveCfg = Debug|Any CPU
		{EE4C2C46-30FC-46E2-A2D8-823708E11EDE}.Debug|Any CPU.Build.0 = Debug|Any CPU
		{EE4C2C46-30FC-46E2-A2D8-823708E11EDE}.Release|Any CPU.ActiveCfg = Release|Any CPU
		{EE4C2C46-30FC-46E2-A2D8-823708E11EDE}.Release|Any CPU.Build.0 = Release|Any CPU
		{6B194B51-A90D-4035-B16A-5021953EB50B}.Debug|Any CPU.ActiveCfg = Debug|Any CPU
		{6B194B51-A90D-4035-B16A-5021953EB50B}.Debug|Any CPU.Build.0 = Debug|Any CPU
		{6B194B51-A90D-4035-B16A-5021953EB50B}.Release|Any CPU.ActiveCfg = Release|Any CPU
		{6B194B51-A90D-4035-B16A-5021953EB50B}.Release|Any CPU.Build.0 = Release|Any CPU
		{AB725E81-E33D-4E3B-9663-6D135028E50C}.Debug|Any CPU.ActiveCfg = Debug|Any CPU
		{AB725E81-E33D-4E3B-9663-6D135028E50C}.Debug|Any CPU.Build.0 = Debug|Any CPU
		{AB725E81-E33D-4E3B-9663-6D135028E50C}.Release|Any CPU.ActiveCfg = Release|Any CPU
		{AB725E81-E33D-4E3B-9663-6D135028E50C}.Release|Any CPU.Build.0 = Release|Any CPU
		{6C8EDCA6-4991-4899-9436-EA74B2CB3A50}.Debug|Any CPU.ActiveCfg = Debug|Any CPU
		{6C8EDCA6-4991-4899-9436-EA74B2CB3A50}.Debug|Any CPU.Build.0 = Debug|Any CPU
		{6C8EDCA6-4991-4899-9436-EA74B2CB3A50}.Release|Any CPU.ActiveCfg = Release|Any CPU
		{6C8EDCA6-4991-4899-9436-EA74B2CB3A50}.Release|Any CPU.Build.0 = Release|Any CPU
		{556F89A6-1648-41B7-89C2-A051C37F09A1}.Debug|Any CPU.ActiveCfg = Debug|Any CPU
		{556F89A6-1648-41B7-89C2-A051C37F09A1}.Debug|Any CPU.Build.0 = Debug|Any CPU
		{556F89A6-1648-41B7-89C2-A051C37F09A1}.Release|Any CPU.ActiveCfg = Release|Any CPU
		{556F89A6-1648-41B7-89C2-A051C37F09A1}.Release|Any CPU.Build.0 = Release|Any CPU
		{DEDBFE4C-EED3-4451-BF50-9813656A63C3}.Debug|Any CPU.ActiveCfg = Debug|Any CPU
		{DEDBFE4C-EED3-4451-BF50-9813656A63C3}.Debug|Any CPU.Build.0 = Debug|Any CPU
		{DEDBFE4C-EED3-4451-BF50-9813656A63C3}.Release|Any CPU.ActiveCfg = Release|Any CPU
		{DEDBFE4C-EED3-4451-BF50-9813656A63C3}.Release|Any CPU.Build.0 = Release|Any CPU
		{CD0267C0-7A61-4B31-B576-9F2F7641CE90}.Debug|Any CPU.ActiveCfg = Debug|Any CPU
		{CD0267C0-7A61-4B31-B576-9F2F7641CE90}.Debug|Any CPU.Build.0 = Debug|Any CPU
		{CD0267C0-7A61-4B31-B576-9F2F7641CE90}.Release|Any CPU.ActiveCfg = Release|Any CPU
		{CD0267C0-7A61-4B31-B576-9F2F7641CE90}.Release|Any CPU.Build.0 = Release|Any CPU
		{1ACC2BB8-8CCE-4A45-901E-FE532FAF0423}.Debug|Any CPU.ActiveCfg = Debug|Any CPU
		{1ACC2BB8-8CCE-4A45-901E-FE532FAF0423}.Debug|Any CPU.Build.0 = Debug|Any CPU
		{1ACC2BB8-8CCE-4A45-901E-FE532FAF0423}.Release|Any CPU.ActiveCfg = Release|Any CPU
		{1ACC2BB8-8CCE-4A45-901E-FE532FAF0423}.Release|Any CPU.Build.0 = Release|Any CPU
		{2FE0D8C9-0B93-4E77-A63B-482BB74CCB96}.Debug|Any CPU.ActiveCfg = Debug|Any CPU
		{2FE0D8C9-0B93-4E77-A63B-482BB74CCB96}.Debug|Any CPU.Build.0 = Debug|Any CPU
		{2FE0D8C9-0B93-4E77-A63B-482BB74CCB96}.Release|Any CPU.ActiveCfg = Release|Any CPU
		{2FE0D8C9-0B93-4E77-A63B-482BB74CCB96}.Release|Any CPU.Build.0 = Release|Any CPU
		{5F8B60E4-701E-4FA1-9E08-00C9E5043C47}.Debug|Any CPU.ActiveCfg = Debug|Any CPU
		{5F8B60E4-701E-4FA1-9E08-00C9E5043C47}.Debug|Any CPU.Build.0 = Debug|Any CPU
		{5F8B60E4-701E-4FA1-9E08-00C9E5043C47}.Release|Any CPU.ActiveCfg = Release|Any CPU
		{5F8B60E4-701E-4FA1-9E08-00C9E5043C47}.Release|Any CPU.Build.0 = Release|Any CPU
		{C589E392-CF3D-4B0D-9F13-889924E339A8}.Debug|Any CPU.ActiveCfg = Debug|Any CPU
		{C589E392-CF3D-4B0D-9F13-889924E339A8}.Debug|Any CPU.Build.0 = Debug|Any CPU
		{C589E392-CF3D-4B0D-9F13-889924E339A8}.Release|Any CPU.ActiveCfg = Release|Any CPU
		{C589E392-CF3D-4B0D-9F13-889924E339A8}.Release|Any CPU.Build.0 = Release|Any CPU
		{4F54BCDF-286C-41E9-A7BF-4E4FD31CA629}.Debug|Any CPU.ActiveCfg = Debug|Any CPU
		{4F54BCDF-286C-41E9-A7BF-4E4FD31CA629}.Debug|Any CPU.Build.0 = Debug|Any CPU
		{4F54BCDF-286C-41E9-A7BF-4E4FD31CA629}.Release|Any CPU.ActiveCfg = Release|Any CPU
		{4F54BCDF-286C-41E9-A7BF-4E4FD31CA629}.Release|Any CPU.Build.0 = Release|Any CPU
		{2A65CB07-C211-470C-B16E-21C42AD6A8D8}.Debug|Any CPU.ActiveCfg = Debug|Any CPU
		{2A65CB07-C211-470C-B16E-21C42AD6A8D8}.Debug|Any CPU.Build.0 = Debug|Any CPU
		{2A65CB07-C211-470C-B16E-21C42AD6A8D8}.Release|Any CPU.ActiveCfg = Release|Any CPU
		{2A65CB07-C211-470C-B16E-21C42AD6A8D8}.Release|Any CPU.Build.0 = Release|Any CPU
		{10DE8E03-819D-4A8D-BB16-B3099A92DAB3}.Debug|Any CPU.ActiveCfg = Debug|Any CPU
		{10DE8E03-819D-4A8D-BB16-B3099A92DAB3}.Debug|Any CPU.Build.0 = Debug|Any CPU
		{10DE8E03-819D-4A8D-BB16-B3099A92DAB3}.Release|Any CPU.ActiveCfg = Release|Any CPU
		{10DE8E03-819D-4A8D-BB16-B3099A92DAB3}.Release|Any CPU.Build.0 = Release|Any CPU
		{7390683B-DB32-4319-9F62-1E7BAF0CF802}.Debug|Any CPU.ActiveCfg = Debug|Any CPU
		{7390683B-DB32-4319-9F62-1E7BAF0CF802}.Debug|Any CPU.Build.0 = Debug|Any CPU
		{7390683B-DB32-4319-9F62-1E7BAF0CF802}.Release|Any CPU.ActiveCfg = Release|Any CPU
		{7390683B-DB32-4319-9F62-1E7BAF0CF802}.Release|Any CPU.Build.0 = Release|Any CPU
		{15E2808A-962A-4D2A-89BF-940764390814}.Debug|Any CPU.ActiveCfg = Debug|Any CPU
		{15E2808A-962A-4D2A-89BF-940764390814}.Debug|Any CPU.Build.0 = Debug|Any CPU
		{15E2808A-962A-4D2A-89BF-940764390814}.Release|Any CPU.ActiveCfg = Release|Any CPU
		{15E2808A-962A-4D2A-89BF-940764390814}.Release|Any CPU.Build.0 = Release|Any CPU
		{06047C3F-DFD0-4F76-8DA2-1FEE4E30E4DB}.Debug|Any CPU.ActiveCfg = Debug|Any CPU
		{06047C3F-DFD0-4F76-8DA2-1FEE4E30E4DB}.Debug|Any CPU.Build.0 = Debug|Any CPU
		{06047C3F-DFD0-4F76-8DA2-1FEE4E30E4DB}.Release|Any CPU.ActiveCfg = Release|Any CPU
		{06047C3F-DFD0-4F76-8DA2-1FEE4E30E4DB}.Release|Any CPU.Build.0 = Release|Any CPU
		{28DE507B-F97B-4522-A0CE-2E3A0AFF0057}.Debug|Any CPU.ActiveCfg = Debug|Any CPU
		{28DE507B-F97B-4522-A0CE-2E3A0AFF0057}.Debug|Any CPU.Build.0 = Debug|Any CPU
		{28DE507B-F97B-4522-A0CE-2E3A0AFF0057}.Release|Any CPU.ActiveCfg = Release|Any CPU
		{28DE507B-F97B-4522-A0CE-2E3A0AFF0057}.Release|Any CPU.Build.0 = Release|Any CPU
		{4F613700-A921-4A81-8730-735DB0FF56EA}.Debug|Any CPU.ActiveCfg = Debug|Any CPU
		{4F613700-A921-4A81-8730-735DB0FF56EA}.Debug|Any CPU.Build.0 = Debug|Any CPU
		{4F613700-A921-4A81-8730-735DB0FF56EA}.Release|Any CPU.ActiveCfg = Release|Any CPU
		{4F613700-A921-4A81-8730-735DB0FF56EA}.Release|Any CPU.Build.0 = Release|Any CPU
		{0293F6F5-0BAD-4041-992F-5CE897AEE05B}.Debug|Any CPU.ActiveCfg = Debug|Any CPU
		{0293F6F5-0BAD-4041-992F-5CE897AEE05B}.Debug|Any CPU.Build.0 = Debug|Any CPU
		{0293F6F5-0BAD-4041-992F-5CE897AEE05B}.Release|Any CPU.ActiveCfg = Release|Any CPU
		{0293F6F5-0BAD-4041-992F-5CE897AEE05B}.Release|Any CPU.Build.0 = Release|Any CPU
		{F0579AAB-9045-4E27-8A8E-C521D4329FAF}.Debug|Any CPU.ActiveCfg = Debug|Any CPU
		{F0579AAB-9045-4E27-8A8E-C521D4329FAF}.Debug|Any CPU.Build.0 = Debug|Any CPU
		{F0579AAB-9045-4E27-8A8E-C521D4329FAF}.Release|Any CPU.ActiveCfg = Release|Any CPU
		{F0579AAB-9045-4E27-8A8E-C521D4329FAF}.Release|Any CPU.Build.0 = Release|Any CPU
	EndGlobalSection
	GlobalSection(SolutionProperties) = preSolution
		HideSolutionNode = FALSE
	EndGlobalSection
	GlobalSection(NestedProjects) = preSolution
		{EB135870-5BE9-4729-AC1A-A6F9F4A90564} = {2E6646D5-1DD4-4AD3-86B1-5B8FA778ACED}
		{C8905304-3DD1-4730-9AB9-E40138B891CA} = {45988FE7-0397-4F33-A90D-E6A1C23E1420}
		{F14001AB-65B6-4451-AC49-5CC7C3C4D88C} = {45988FE7-0397-4F33-A90D-E6A1C23E1420}
		{EE4C2C46-30FC-46E2-A2D8-823708E11EDE} = {45988FE7-0397-4F33-A90D-E6A1C23E1420}
		{6B194B51-A90D-4035-B16A-5021953EB50B} = {2D8E80DD-2008-44B3-91BD-A2BBCA7E3372}
		{AB725E81-E33D-4E3B-9663-6D135028E50C} = {2D8E80DD-2008-44B3-91BD-A2BBCA7E3372}
		{6C8EDCA6-4991-4899-9436-EA74B2CB3A50} = {2D8E80DD-2008-44B3-91BD-A2BBCA7E3372}
		{556F89A6-1648-41B7-89C2-A051C37F09A1} = {2D8E80DD-2008-44B3-91BD-A2BBCA7E3372}
		{DEDBFE4C-EED3-4451-BF50-9813656A63C3} = {9828E562-168D-4B33-90E7-AC518EA7E572}
		{CD0267C0-7A61-4B31-B576-9F2F7641CE90} = {7771CBF2-FBA6-410D-A26D-77CBCAA9C4CC}
		{1ACC2BB8-8CCE-4A45-901E-FE532FAF0423} = {45988FE7-0397-4F33-A90D-E6A1C23E1420}
		{2FE0D8C9-0B93-4E77-A63B-482BB74CCB96} = {79894773-D405-4702-805E-A5C74D30FCF7}
		{5F8B60E4-701E-4FA1-9E08-00C9E5043C47} = {45988FE7-0397-4F33-A90D-E6A1C23E1420}
		{C589E392-CF3D-4B0D-9F13-889924E339A8} = {45988FE7-0397-4F33-A90D-E6A1C23E1420}
		{4F54BCDF-286C-41E9-A7BF-4E4FD31CA629} = {2E6646D5-1DD4-4AD3-86B1-5B8FA778ACED}
		{2A65CB07-C211-470C-B16E-21C42AD6A8D8} = {2D8E80DD-2008-44B3-91BD-A2BBCA7E3372}
		{10DE8E03-819D-4A8D-BB16-B3099A92DAB3} = {2D8E80DD-2008-44B3-91BD-A2BBCA7E3372}
		{7390683B-DB32-4319-9F62-1E7BAF0CF802} = {2E6646D5-1DD4-4AD3-86B1-5B8FA778ACED}
		{15E2808A-962A-4D2A-89BF-940764390814} = {627A5966-742D-4708-83F3-130C4E8C1EE4}
		{06047C3F-DFD0-4F76-8DA2-1FEE4E30E4DB} = {2E6646D5-1DD4-4AD3-86B1-5B8FA778ACED}
		{28DE507B-F97B-4522-A0CE-2E3A0AFF0057} = {79894773-D405-4702-805E-A5C74D30FCF7}
		{4F613700-A921-4A81-8730-735DB0FF56EA} = {2E6646D5-1DD4-4AD3-86B1-5B8FA778ACED}
		{0293F6F5-0BAD-4041-992F-5CE897AEE05B} = {5CD8ABAA-CAEF-4DC7-BDC4-5C582D250C83}
		{F0579AAB-9045-4E27-8A8E-C521D4329FAF} = {5CD8ABAA-CAEF-4DC7-BDC4-5C582D250C83}
	EndGlobalSection
	GlobalSection(ExtensibilityGlobals) = postSolution
		SolutionGuid = {814D4D42-0578-4C79-B650-5B9F77DE6E51}
	EndGlobalSection
EndGlobal
